
Microsoft Visual Studio Solution File, Format Version 12.00
# Visual Studio Version 16
VisualStudioVersion = 16.0.30128.74
MinimumVisualStudioVersion = 10.0.40219.1
Project("{9092AA53-FB77-4645-B42D-1CCCA6BD08BD}") = "JsCalc", "JsCalc\JsCalc.njsproj", "{879FC3E5-02FF-4EA7-8CC1-1D5F8489B8F5}"
EndProject
Global
	GlobalSection(SolutionConfigurationPlatforms) = preSolution
		Debug|Any CPU = Debug|Any CPU
		Release|Any CPU = Release|Any CPU
	EndGlobalSection
	GlobalSection(ProjectConfigurationPlatforms) = postSolution
		{879FC3E5-02FF-4EA7-8CC1-1D5F8489B8F5}.Debug|Any CPU.ActiveCfg = Debug|Any CPU
		{879FC3E5-02FF-4EA7-8CC1-1D5F8489B8F5}.Debug|Any CPU.Build.0 = Debug|Any CPU
		{879FC3E5-02FF-4EA7-8CC1-1D5F8489B8F5}.Release|Any CPU.ActiveCfg = Release|Any CPU
		{879FC3E5-02FF-4EA7-8CC1-1D5F8489B8F5}.Release|Any CPU.Build.0 = Release|Any CPU
	EndGlobalSection
	GlobalSection(SolutionProperties) = preSolution
		HideSolutionNode = FALSE
	EndGlobalSection
	GlobalSection(ExtensibilityGlobals) = postSolution
		SolutionGuid = {DDF4F8E9-3CAB-468C-BD9D-D820C4CB64B4}
	EndGlobalSection
EndGlobal
